// !$*UTF8*$!
{
	archiveVersion = 1;
	classes = {
	};
	objectVersion = 46;
	objects = {

/* Begin PBXBuildFile section */
		174805CB1EC26E9100BF2912 /* AppDelegate.swift in Sources */ = {isa = PBXBuildFile; fileRef = 174805CA1EC26E9100BF2912 /* AppDelegate.swift */; };
		174805CD1EC26E9100BF2912 /* ViewController.swift in Sources */ = {isa = PBXBuildFile; fileRef = 174805CC1EC26E9100BF2912 /* ViewController.swift */; };
		174805D01EC26E9100BF2912 /* Main.storyboard in Resources */ = {isa = PBXBuildFile; fileRef = 174805CE1EC26E9100BF2912 /* Main.storyboard */; };
		174805D21EC26E9100BF2912 /* Assets.xcassets in Resources */ = {isa = PBXBuildFile; fileRef = 174805D11EC26E9100BF2912 /* Assets.xcassets */; };
		174805D51EC26E9100BF2912 /* LaunchScreen.storyboard in Resources */ = {isa = PBXBuildFile; fileRef = 174805D31EC26E9100BF2912 /* LaunchScreen.storyboard */; };
		174805E01EC26E9100BF2912 /* TTTTests.swift in Sources */ = {isa = PBXBuildFile; fileRef = 174805DF1EC26E9100BF2912 /* TTTTests.swift */; };
		174805EB1EC26E9100BF2912 /* TTTUITests.swift in Sources */ = {isa = PBXBuildFile; fileRef = 174805EA1EC26E9100BF2912 /* TTTUITests.swift */; };
/* End PBXBuildFile section */

/* Begin PBXContainerItemProxy section */
		174805DC1EC26E9100BF2912 /* PBXContainerItemProxy */ = {
			isa = PBXContainerItemProxy;
			containerPortal = 174805BF1EC26E9100BF2912 /* Project object */;
			proxyType = 1;
			remoteGlobalIDString = 174805C61EC26E9100BF2912;
			remoteInfo = TTT;
		};
		174805E71EC26E9100BF2912 /* PBXContainerItemProxy */ = {
			isa = PBXContainerItemProxy;
			containerPortal = 174805BF1EC26E9100BF2912 /* Project object */;
			proxyType = 1;
			remoteGlobalIDString = 174805C61EC26E9100BF2912;
			remoteInfo = TTT;
		};
/* End PBXContainerItemProxy section */

/* Begin PBXFileReference section */
		174805C71EC26E9100BF2912 /* TTT.app */ = {isa = PBXFileReference; explicitFileType = wrapper.application; includeInIndex = 0; path = TTT.app; sourceTree = BUILT_PRODUCTS_DIR; };
		174805CA1EC26E9100BF2912 /* AppDelegate.swift */ = {isa = PBXFileReference; lastKnownFileType = sourcecode.swift; path = AppDelegate.swift; sourceTree = "<group>"; };
		174805CC1EC26E9100BF2912 /* ViewController.swift */ = {isa = PBXFileReference; lastKnownFileType = sourcecode.swift; path = ViewController.swift; sourceTree = "<group>"; };
		174805CF1EC26E9100BF2912 /* Base */ = {isa = PBXFileReference; lastKnownFileType = file.storyboard; name = Base; path = Base.lproj/Main.storyboard; sourceTree = "<group>"; };
		174805D11EC26E9100BF2912 /* Assets.xcassets */ = {isa = PBXFileReference; lastKnownFileType = folder.assetcatalog; path = Assets.xcassets; sourceTree = "<group>"; };
		174805D41EC26E9100BF2912 /* Base */ = {isa = PBXFileReference; lastKnownFileType = file.storyboard; name = Base; path = Base.lproj/LaunchScreen.storyboard; sourceTree = "<group>"; };
		174805D61EC26E9100BF2912 /* Info.plist */ = {isa = PBXFileReference; lastKnownFileType = text.plist.xml; path = Info.plist; sourceTree = "<group>"; };
		174805DB1EC26E9100BF2912 /* TTTTests.xctest */ = {isa = PBXFileReference; explicitFileType = wrapper.cfbundle; includeInIndex = 0; path = TTTTests.xctest; sourceTree = BUILT_PRODUCTS_DIR; };
		174805DF1EC26E9100BF2912 /* TTTTests.swift */ = {isa = PBXFileReference; lastKnownFileType = sourcecode.swift; path = TTTTests.swift; sourceTree = "<group>"; };
		174805E11EC26E9100BF2912 /* Info.plist */ = {isa = PBXFileReference; lastKnownFileType = text.plist.xml; path = Info.plist; sourceTree = "<group>"; };
		174805E61EC26E9100BF2912 /* TTTUITests.xctest */ = {isa = PBXFileReference; explicitFileType = wrapper.cfbundle; includeInIndex = 0; path = TTTUITests.xctest; sourceTree = BUILT_PRODUCTS_DIR; };
		174805EA1EC26E9100BF2912 /* TTTUITests.swift */ = {isa = PBXFileReference; lastKnownFileType = sourcecode.swift; path = TTTUITests.swift; sourceTree = "<group>"; };
		174805EC1EC26E9100BF2912 /* Info.plist */ = {isa = PBXFileReference; lastKnownFileType = text.plist.xml; path = Info.plist; sourceTree = "<group>"; };
/* End PBXFileReference section */

/* Begin PBXFrameworksBuildPhase section */
		174805C41EC26E9100BF2912 /* Frameworks */ = {
			isa = PBXFrameworksBuildPhase;
			buildActionMask = 2147483647;
			files = (
			);
			runOnlyForDeploymentPostprocessing = 0;
		};
		174805D81EC26E9100BF2912 /* Frameworks */ = {
			isa = PBXFrameworksBuildPhase;
			buildActionMask = 2147483647;
			files = (
			);
			runOnlyForDeploymentPostprocessing = 0;
		};
		174805E31EC26E9100BF2912 /* Frameworks */ = {
			isa = PBXFrameworksBuildPhase;
			buildActionMask = 2147483647;
			files = (
			);
			runOnlyForDeploymentPostprocessing = 0;
		};
/* End PBXFrameworksBuildPhase section */

/* Begin PBXGroup section */
		174805BE1EC26E9100BF2912 = {
			isa = PBXGroup;
			children = (
				174805C91EC26E9100BF2912 /* TTT */,
				174805DE1EC26E9100BF2912 /* TTTTests */,
				174805E91EC26E9100BF2912 /* TTTUITests */,
				174805C81EC26E9100BF2912 /* Products */,
			);
			sourceTree = "<group>";
		};
		174805C81EC26E9100BF2912 /* Products */ = {
			isa = PBXGroup;
			children = (
				174805C71EC26E9100BF2912 /* TTT.app */,
				174805DB1EC26E9100BF2912 /* TTTTests.xctest */,
				174805E61EC26E9100BF2912 /* TTTUITests.xctest */,
			);
			name = Products;
			sourceTree = "<group>";
		};
		174805C91EC26E9100BF2912 /* TTT */ = {
			isa = PBXGroup;
			children = (
				174805CA1EC26E9100BF2912 /* AppDelegate.swift */,
				174805CC1EC26E9100BF2912 /* ViewController.swift */,
				174805CE1EC26E9100BF2912 /* Main.storyboard */,
				174805D11EC26E9100BF2912 /* Assets.xcassets */,
				174805D31EC26E9100BF2912 /* LaunchScreen.storyboard */,
				174805D61EC26E9100BF2912 /* Info.plist */,
			);
			path = TTT;
			sourceTree = "<group>";
		};
		174805DE1EC26E9100BF2912 /* TTTTests */ = {
			isa = PBXGroup;
			children = (
				174805DF1EC26E9100BF2912 /* TTTTests.swift */,
				174805E11EC26E9100BF2912 /* Info.plist */,
			);
			path = TTTTests;
			sourceTree = "<group>";
		};
		174805E91EC26E9100BF2912 /* TTTUITests */ = {
			isa = PBXGroup;
			children = (
				174805EA1EC26E9100BF2912 /* TTTUITests.swift */,
				174805EC1EC26E9100BF2912 /* Info.plist */,
			);
			path = TTTUITests;
			sourceTree = "<group>";
		};
/* End PBXGroup section */

/* Begin PBXNativeTarget section */
		174805C61EC26E9100BF2912 /* TTT */ = {
			isa = PBXNativeTarget;
			buildConfigurationList = 174805EF1EC26E9100BF2912 /* Build configuration list for PBXNativeTarget "TTT" */;
			buildPhases = (
				174805C31EC26E9100BF2912 /* Sources */,
				174805C41EC26E9100BF2912 /* Frameworks */,
				174805C51EC26E9100BF2912 /* Resources */,
			);
			buildRules = (
			);
			dependencies = (
			);
			name = TTT;
			productName = TTT;
			productReference = 174805C71EC26E9100BF2912 /* TTT.app */;
			productType = "com.apple.product-type.application";
		};
		174805DA1EC26E9100BF2912 /* TTTTests */ = {
			isa = PBXNativeTarget;
			buildConfigurationList = 174805F21EC26E9100BF2912 /* Build configuration list for PBXNativeTarget "TTTTests" */;
			buildPhases = (
				174805D71EC26E9100BF2912 /* Sources */,
				174805D81EC26E9100BF2912 /* Frameworks */,
				174805D91EC26E9100BF2912 /* Resources */,
			);
			buildRules = (
			);
			dependencies = (
				174805DD1EC26E9100BF2912 /* PBXTargetDependency */,
			);
			name = TTTTests;
			productName = TTTTests;
			productReference = 174805DB1EC26E9100BF2912 /* TTTTests.xctest */;
			productType = "com.apple.product-type.bundle.unit-test";
		};
		174805E51EC26E9100BF2912 /* TTTUITests */ = {
			isa = PBXNativeTarget;
			buildConfigurationList = 174805F51EC26E9100BF2912 /* Build configuration list for PBXNativeTarget "TTTUITests" */;
			buildPhases = (
				174805E21EC26E9100BF2912 /* Sources */,
				174805E31EC26E9100BF2912 /* Frameworks */,
				174805E41EC26E9100BF2912 /* Resources */,
			);
			buildRules = (
			);
			dependencies = (
				174805E81EC26E9100BF2912 /* PBXTargetDependency */,
			);
			name = TTTUITests;
			productName = TTTUITests;
			productReference = 174805E61EC26E9100BF2912 /* TTTUITests.xctest */;
			productType = "com.apple.product-type.bundle.ui-testing";
		};
/* End PBXNativeTarget section */

/* Begin PBXProject section */
		174805BF1EC26E9100BF2912 /* Project object */ = {
			isa = PBXProject;
			attributes = {
				LastSwiftUpdateCheck = 0830;
				LastUpgradeCheck = 0830;
				ORGANIZATIONNAME = "Jordan Weatherford";
				TargetAttributes = {
					174805C61EC26E9100BF2912 = {
						CreatedOnToolsVersion = 8.3.2;
						ProvisioningStyle = Automatic;
					};
					174805DA1EC26E9100BF2912 = {
						CreatedOnToolsVersion = 8.3.2;
						ProvisioningStyle = Automatic;
						TestTargetID = 174805C61EC26E9100BF2912;
					};
					174805E51EC26E9100BF2912 = {
						CreatedOnToolsVersion = 8.3.2;
						ProvisioningStyle = Automatic;
						TestTargetID = 174805C61EC26E9100BF2912;
					};
				};
			};
			buildConfigurationList = 174805C21EC26E9100BF2912 /* Build configuration list for PBXProject "TTT" */;
			compatibilityVersion = "Xcode 3.2";
			developmentRegion = English;
			hasScannedForEncodings = 0;
			knownRegions = (
				en,
				Base,
			);
			mainGroup = 174805BE1EC26E9100BF2912;
			productRefGroup = 174805C81EC26E9100BF2912 /* Products */;
			projectDirPath = "";
			projectRoot = "";
			targets = (
				174805C61EC26E9100BF2912 /* TTT */,
				174805DA1EC26E9100BF2912 /* TTTTests */,
				174805E51EC26E9100BF2912 /* TTTUITests */,
			);
		};
/* End PBXProject section */

/* Begin PBXResourcesBuildPhase section */
		174805C51EC26E9100BF2912 /* Resources */ = {
			isa = PBXResourcesBuildPhase;
			buildActionMask = 2147483647;
			files = (
				174805D51EC26E9100BF2912 /* LaunchScreen.storyboard in Resources */,
				174805D21EC26E9100BF2912 /* Assets.xcassets in Resources */,
				174805D01EC26E9100BF2912 /* Main.storyboard in Resources */,
			);
			runOnlyForDeploymentPostprocessing = 0;
		};
		174805D91EC26E9100BF2912 /* Resources */ = {
			isa = PBXResourcesBuildPhase;
			buildActionMask = 2147483647;
			files = (
			);
			runOnlyForDeploymentPostprocessing = 0;
		};
		174805E41EC26E9100BF2912 /* Resources */ = {
			isa = PBXResourcesBuildPhase;
			buildActionMask = 2147483647;
			files = (
			);
			runOnlyForDeploymentPostprocessing = 0;
		};
/* End PBXResourcesBuildPhase section */

/* Begin PBXSourcesBuildPhase section */
		174805C31EC26E9100BF2912 /* Sources */ = {
			isa = PBXSourcesBuildPhase;
			buildActionMask = 2147483647;
			files = (
				174805CD1EC26E9100BF2912 /* ViewController.swift in Sources */,
				174805CB1EC26E9100BF2912 /* AppDelegate.swift in Sources */,
			);
			runOnlyForDeploymentPostprocessing = 0;
		};
		174805D71EC26E9100BF2912 /* Sources */ = {
			isa = PBXSourcesBuildPhase;
			buildActionMask = 2147483647;
			files = (
				174805E01EC26E9100BF2912 /* TTTTests.swift in Sources */,
			);
			runOnlyForDeploymentPostprocessing = 0;
		};
		174805E21EC26E9100BF2912 /* Sources */ = {
			isa = PBXSourcesBuildPhase;
			buildActionMask = 2147483647;
			files = (
				174805EB1EC26E9100BF2912 /* TTTUITests.swift in Sources */,
			);
			runOnlyForDeploymentPostprocessing = 0;
		};
/* End PBXSourcesBuildPhase section */

/* Begin PBXTargetDependency section */
		174805DD1EC26E9100BF2912 /* PBXTargetDependency */ = {
			isa = PBXTargetDependency;
			target = 174805C61EC26E9100BF2912 /* TTT */;
			targetProxy = 174805DC1EC26E9100BF2912 /* PBXContainerItemProxy */;
		};
		174805E81EC26E9100BF2912 /* PBXTargetDependency */ = {
			isa = PBXTargetDependency;
			target = 174805C61EC26E9100BF2912 /* TTT */;
			targetProxy = 174805E71EC26E9100BF2912 /* PBXContainerItemProxy */;
		};
/* End PBXTargetDependency section */

/* Begin PBXVariantGroup section */
		174805CE1EC26E9100BF2912 /* Main.storyboard */ = {
			isa = PBXVariantGroup;
			children = (
				174805CF1EC26E9100BF2912 /* Base */,
			);
			name = Main.storyboard;
			sourceTree = "<group>";
		};
		174805D31EC26E9100BF2912 /* LaunchScreen.storyboard */ = {
			isa = PBXVariantGroup;
			children = (
				174805D41EC26E9100BF2912 /* Base */,
			);
			name = LaunchScreen.storyboard;
			sourceTree = "<group>";
		};
/* End PBXVariantGroup section */

/* Begin XCBuildConfiguration section */
		174805ED1EC26E9100BF2912 /* Debug */ = {
			isa = XCBuildConfiguration;
			buildSettings = {
				ALWAYS_SEARCH_USER_PATHS = NO;
				CLANG_ANALYZER_NONNULL = YES;
				CLANG_ANALYZER_NUMBER_OBJECT_CONVERSION = YES_AGGRESSIVE;
				CLANG_CXX_LANGUAGE_STANDARD = "gnu++0x";
				CLANG_CXX_LIBRARY = "libc++";
				CLANG_ENABLE_MODULES = YES;
				CLANG_ENABLE_OBJC_ARC = YES;
				CLANG_WARN_BOOL_CONVERSION = YES;
				CLANG_WARN_CONSTANT_CONVERSION = YES;
				CLANG_WARN_DIRECT_OBJC_ISA_USAGE = YES_ERROR;
				CLANG_WARN_DOCUMENTATION_COMMENTS = YES;
				CLANG_WARN_EMPTY_BODY = YES;
				CLANG_WARN_ENUM_CONVERSION = YES;
				CLANG_WARN_INFINITE_RECURSION = YES;
				CLANG_WARN_INT_CONVERSION = YES;
				CLANG_WARN_OBJC_ROOT_CLASS = YES_ERROR;
				CLANG_WARN_SUSPICIOUS_MOVE = YES;
				CLANG_WARN_UNREACHABLE_CODE = YES;
				CLANG_WARN__DUPLICATE_METHOD_MATCH = YES;
				"CODE_SIGN_IDENTITY[sdk=iphoneos*]" = "iPhone Developer";
				COPY_PHASE_STRIP = NO;
				DEBUG_INFORMATION_FORMAT = dwarf;
				ENABLE_STRICT_OBJC_MSGSEND = YES;
				ENABLE_TESTABILITY = YES;
				GCC_C_LANGUAGE_STANDARD = gnu99;
				GCC_DYNAMIC_NO_PIC = NO;
				GCC_NO_COMMON_BLOCKS = YES;
				GCC_OPTIMIZATION_LEVEL = 0;
				GCC_PREPROCESSOR_DEFINITIONS = (
					"DEBUG=1",
					"$(inherited)",
				);
				GCC_WARN_64_TO_32_BIT_CONVERSION = YES;
				GCC_WARN_ABOUT_RETURN_TYPE = YES_ERROR;
				GCC_WARN_UNDECLARED_SELECTOR = YES;
				GCC_WARN_UNINITIALIZED_AUTOS = YES_AGGRESSIVE;
				GCC_WARN_UNUSED_FUNCTION = YES;
				GCC_WARN_UNUSED_VARIABLE = YES;
				IPHONEOS_DEPLOYMENT_TARGET = 10.3;
				MTL_ENABLE_DEBUG_INFO = YES;
				ONLY_ACTIVE_ARCH = YES;
				SDKROOT = iphoneos;
				SWIFT_ACTIVE_COMPILATION_CONDITIONS = DEBUG;
				SWIFT_OPTIMIZATION_LEVEL = "-Onone";
			};
			name = Debug;
		};
		174805EE1EC26E9100BF2912 /* Release */ = {
			isa = XCBuildConfiguration;
			buildSettings = {
				ALWAYS_SEARCH_USER_PATHS = NO;
				CLANG_ANALYZER_NONNULL = YES;
				CLANG_ANALYZER_NUMBER_OBJECT_CONVERSION = YES_AGGRESSIVE;
				CLANG_CXX_LANGUAGE_STANDARD = "gnu++0x";
				CLANG_CXX_LIBRARY = "libc++";
				CLANG_ENABLE_MODULES = YES;
				CLANG_ENABLE_OBJC_ARC = YES;
				CLANG_WARN_BOOL_CONVERSION = YES;
				CLANG_WARN_CONSTANT_CONVERSION = YES;
				CLANG_WARN_DIRECT_OBJC_ISA_USAGE = YES_ERROR;
				CLANG_WARN_DOCUMENTATION_COMMENTS = YES;
				CLANG_WARN_EMPTY_BODY = YES;
				CLANG_WARN_ENUM_CONVERSION = YES;
				CLANG_WARN_INFINITE_RECURSION = YES;
				CLANG_WARN_INT_CONVERSION = YES;
				CLANG_WARN_OBJC_ROOT_CLASS = YES_ERROR;
				CLANG_WARN_SUSPICIOUS_MOVE = YES;
				CLANG_WARN_UNREACHABLE_CODE = YES;
				CLANG_WARN__DUPLICATE_METHOD_MATCH = YES;
				"CODE_SIGN_IDENTITY[sdk=iphoneos*]" = "iPhone Developer";
				COPY_PHASE_STRIP = NO;
				DEBUG_INFORMATION_FORMAT = "dwarf-with-dsym";
				ENABLE_NS_ASSERTIONS = NO;
				ENABLE_STRICT_OBJC_MSGSEND = YES;
				GCC_C_LANGUAGE_STANDARD = gnu99;
				GCC_NO_COMMON_BLOCKS = YES;
				GCC_WARN_64_TO_32_BIT_CONVERSION = YES;
				GCC_WARN_ABOUT_RETURN_TYPE = YES_ERROR;
				GCC_WARN_UNDECLARED_SELECTOR = YES;
				GCC_WARN_UNINITIALIZED_AUTOS = YES_AGGRESSIVE;
				GCC_WARN_UNUSED_FUNCTION = YES;
				GCC_WARN_UNUSED_VARIABLE = YES;
				IPHONEOS_DEPLOYMENT_TARGET = 10.3;
				MTL_ENABLE_DEBUG_INFO = NO;
				SDKROOT = iphoneos;
				SWIFT_OPTIMIZATION_LEVEL = "-Owholemodule";
				VALIDATE_PRODUCT = YES;
			};
			name = Release;
		};
		174805F01EC26E9100BF2912 /* Debug */ = {
			isa = XCBuildConfiguration;
			buildSettings = {
				ASSETCATALOG_COMPILER_APPICON_NAME = AppIcon;
				INFOPLIST_FILE = TTT/Info.plist;
				LD_RUNPATH_SEARCH_PATHS = "$(inherited) @executable_path/Frameworks";
				PRODUCT_BUNDLE_IDENTIFIER = com.JordanWeatherford.TTT;
				PRODUCT_NAME = "$(TARGET_NAME)";
				SWIFT_VERSION = 3.0;
			};
			name = Debug;
		};
		174805F11EC26E9100BF2912 /* Release */ = {
			isa = XCBuildConfiguration;
			buildSettings = {
				ASSETCATALOG_COMPILER_APPICON_NAME = AppIcon;
				INFOPLIST_FILE = TTT/Info.plist;
				LD_RUNPATH_SEARCH_PATHS = "$(inherited) @executable_path/Frameworks";
				PRODUCT_BUNDLE_IDENTIFIER = com.JordanWeatherford.TTT;
				PRODUCT_NAME = "$(TARGET_NAME)";
				SWIFT_VERSION = 3.0;
			};
			name = Release;
		};
		174805F31EC26E9100BF2912 /* Debug */ = {
			isa = XCBuildConfiguration;
			buildSettings = {
				ALWAYS_EMBED_SWIFT_STANDARD_LIBRARIES = YES;
				BUNDLE_LOADER = "$(TEST_HOST)";
				INFOPLIST_FILE = TTTTests/Info.plist;
				LD_RUNPATH_SEARCH_PATHS = "$(inherited) @executable_path/Frameworks @loader_path/Frameworks";
				PRODUCT_BUNDLE_IDENTIFIER = com.JordanWeatherford.TTTTests;
				PRODUCT_NAME = "$(TARGET_NAME)";
				SWIFT_VERSION = 3.0;
				TEST_HOST = "$(BUILT_PRODUCTS_DIR)/TTT.app/TTT";
			};
			name = Debug;
		};
		174805F41EC26E9100BF2912 /* Release */ = {
			isa = XCBuildConfiguration;
			buildSettings = {
				ALWAYS_EMBED_SWIFT_STANDARD_LIBRARIES = YES;
				BUNDLE_LOADER = "$(TEST_HOST)";
				INFOPLIST_FILE = TTTTests/Info.plist;
				LD_RUNPATH_SEARCH_PATHS = "$(inherited) @executable_path/Frameworks @loader_path/Frameworks";
				PRODUCT_BUNDLE_IDENTIFIER = com.JordanWeatherford.TTTTests;
				PRODUCT_NAME = "$(TARGET_NAME)";
				SWIFT_VERSION = 3.0;
				TEST_HOST = "$(BUILT_PRODUCTS_DIR)/TTT.app/TTT";
			};
			name = Release;
		};
		174805F61EC26E9100BF2912 /* Debug */ = {
			isa = XCBuildConfiguration;
			buildSettings = {
				ALWAYS_EMBED_SWIFT_STANDARD_LIBRARIES = YES;
				INFOPLIST_FILE = TTTUITests/Info.plist;
				LD_RUNPATH_SEARCH_PATHS = "$(inherited) @executable_path/Frameworks @loader_path/Frameworks";
				PRODUCT_BUNDLE_IDENTIFIER = com.JordanWeatherford.TTTUITests;
				PRODUCT_NAME = "$(TARGET_NAME)";
				SWIFT_VERSION = 3.0;
				TEST_TARGET_NAME = TTT;
			};
			name = Debug;
		};
		174805F71EC26E9100BF2912 /* Release */ = {
			isa = XCBuildConfiguration;
			buildSettings = {
				ALWAYS_EMBED_SWIFT_STANDARD_LIBRARIES = YES;
				INFOPLIST_FILE = TTTUITests/Info.plist;
				LD_RUNPATH_SEARCH_PATHS = "$(inherited) @executable_path/Frameworks @loader_path/Frameworks";
				PRODUCT_BUNDLE_IDENTIFIER = com.JordanWeatherford.TTTUITests;
				PRODUCT_NAME = "$(TARGET_NAME)";
				SWIFT_VERSION = 3.0;
				TEST_TARGET_NAME = TTT;
			};
			name = Release;
		};
/* End XCBuildConfiguration section */

/* Begin XCConfigurationList section */
		174805C21EC26E9100BF2912 /* Build configuration list for PBXProject "TTT" */ = {
			isa = XCConfigurationList;
			buildConfigurations = (
				174805ED1EC26E9100BF2912 /* Debug */,
				174805EE1EC26E9100BF2912 /* Release */,
			);
			defaultConfigurationIsVisible = 0;
			defaultConfigurationName = Release;
		};
		174805EF1EC26E9100BF2912 /* Build configuration list for PBXNativeTarget "TTT" */ = {
			isa = XCConfigurationList;
			buildConfigurations = (
				174805F01EC26E9100BF2912 /* Debug */,
				174805F11EC26E9100BF2912 /* Release */,
			);
			defaultConfigurationIsVisible = 0;
		};
		174805F21EC26E9100BF2912 /* Build configuration list for PBXNativeTarget "TTTTests" */ = {
			isa = XCConfigurationList;
			buildConfigurations = (
				174805F31EC26E9100BF2912 /* Debug */,
				174805F41EC26E9100BF2912 /* Release */,
			);
			defaultConfigurationIsVisible = 0;
		};
		174805F51EC26E9100BF2912 /* Build configuration list for PBXNativeTarget "TTTUITests" */ = {
			isa = XCConfigurationList;
			buildConfigurations = (
				174805F61EC26E9100BF2912 /* Debug */,
				174805F71EC26E9100BF2912 /* Release */,
			);
			defaultConfigurationIsVisible = 0;
		};
/* End XCConfigurationList section */
	};
	rootObject = 174805BF1EC26E9100BF2912 /* Project object */;
}
